Microsoft Visual Studio Solution File, Format Version 12.00
# Visual Studio 15
VisualStudioVersion = 15.0.27130.2026
MinimumVisualStudioVersion = 15.0.26124.0
Project("{2150E333-8FDC-42A3-9474-1A3956D46DE8}") = "src", "src", "{1B248AFD-69BC-4290-BB94-F63EA4A49513}"
ProjectSection(SolutionItems) = preProject
	nuget.config = nuget.config
EndProjectSection
EndProject
Project("{9A19103F-16F7-4668-BE54-9A1E7A4F7556}") = "Wrido", "src\Wrido\Wrido.csproj", "{3F0662CA-C548-49EB-8668-68FB061685CA}"
EndProject
Project("{9A19103F-16F7-4668-BE54-9A1E7A4F7556}") = "Wrido.Core", "src\Wrido.Core\Wrido.Core.csproj", "{B8ACB12B-FD76-42BE-842D-1D6ADCD5FECD}"
EndProject
Project("{9A19103F-16F7-4668-BE54-9A1E7A4F7556}") = "Wrido.Plugin.Google", "src\Wrido.Plugin.Google\Wrido.Plugin.Google.csproj", "{60512823-49BB-4009-8B05-EB874AAB24EB}"
EndProject
Project("{9A19103F-16F7-4668-BE54-9A1E7A4F7556}") = "Wrido.Plugin.StackExchange", "src\Wrido.Plugin.StackExchange\Wrido.Plugin.StackExchange.csproj", "{4BD509D5-560B-4652-B8B1-58F8A1DF125B}"
EndProject
Project("{2150E333-8FDC-42A3-9474-1A3956D46DE8}") = "tests", "tests", "{5EDA50CA-C3D6-4320-AD14-56243B7058C2}"
EndProject
Project("{9A19103F-16F7-4668-BE54-9A1E7A4F7556}") = "Wrido.Plugin.StackExchange.Tests", "src\Wrido.Plugin.StackExchange.Tests\Wrido.Plugin.StackExchange.Tests.csproj", "{B8FD5F64-8FCD-400E-8AF7-B1048AD22C8A}"
EndProject
Project("{9A19103F-16F7-4668-BE54-9A1E7A4F7556}") = "Wrido.TestCommon", "src\Wrido.TestCommon\Wrido.TestCommon.csproj", "{68D10318-41FB-48A7-BDCC-B1B6808A3E0B}"
EndProject
Project("{9A19103F-16F7-4668-BE54-9A1E7A4F7556}") = "Wrido.Plugin.Dummy", "src\Wrido.Plugin.Dummy\Wrido.Plugin.Dummy.csproj", "{15CD30AB-7394-4D6A-B690-80EEBCD1F471}"
EndProject
Project("{9A19103F-16F7-4668-BE54-9A1E7A4F7556}") = "Wrido.Core.Tests", "src\Wrido.Core.Tests\Wrido.Core.Tests.csproj", "{0C9C442D-0855-41D8-8E9B-31C15DA7C4B7}"
EndProject
Project("{9A19103F-16F7-4668-BE54-9A1E7A4F7556}") = "Wrido.Plugin.Wikipedia", "src\Wrido.Plugin.Wikipedia\Wrido.Plugin.Wikipedia.csproj", "{62B363EE-6DB2-405B-85AF-DBED02AB99F1}"
EndProject
Project("{9A19103F-16F7-4668-BE54-9A1E7A4F7556}") = "Wrido.ServerSide", "src\Wrido.ServerSide\Wrido.ServerSide.csproj", "{F73A086E-6190-4BF2-A868-A33C40ED1817}"
EndProject
Project("{9A19103F-16F7-4668-BE54-9A1E7A4F7556}") = "Wrido.Plugin.Spotify", "src\Wrido.Plugin.Spotify\Wrido.Plugin.Spotify.csproj", "{0CA9FF14-91A1-49C9-9E6B-B34C0138F261}"
EndProject
Project("{9A19103F-16F7-4668-BE54-9A1E7A4F7556}") = "Wrido.Plugin.Everything", "src\Wrido.Plugin.Everything\Wrido.Plugin.Everything.csproj", "{3F81A989-7C7D-4AF7-8CC2-E39E7DECC562}"
EndProject
Project("{2150E333-8FDC-42A3-9474-1A3956D46DE8}") = "libs", "libs", "{124E188B-D8F4-4172-896F-6B50467B7ECE}"
EndProject
Project("{9A19103F-16F7-4668-BE54-9A1E7A4F7556}") = "Everything", "src\Everything\Everything.csproj", "{6E3FCEB0-646F-4EC0-9FC7-34353395BA18}"
EndProject
Project("{2150E333-8FDC-42A3-9474-1A3956D46DE8}") = "plugins", "plugins", "{E5F8272E-49FD-485D-BEB1-91DCA7E661FE}"
EndProject
Project("{FAE04EC0-301F-11D3-BF4B-00C04F79EFBC}") = "Wrido.Plugin.Powershell", "src\Wrido.Plugin.Powershell\Wrido.Plugin.Powershell.csproj", "{9D2754D1-282C-4C8A-8B28-4A73BBFAEA6D}"
EndProject
Global
	GlobalSection(SolutionConfigurationPlatforms) = preSolution
		Debug|Any CPU = Debug|Any CPU
		Debug|x64 = Debug|x64
		Debug|x86 = Debug|x86
		Release|Any CPU = Release|Any CPU
		Release|x64 = Release|x64
		Release|x86 = Release|x86
	EndGlobalSection
	GlobalSection(ProjectConfigurationPlatforms) = postSolution
		{3F0662CA-C548-49EB-8668-68FB061685CA}.Debug|Any CPU.ActiveCfg = Debug|Any CPU
		{3F0662CA-C548-49EB-8668-68FB061685CA}.Debug|Any CPU.Build.0 = Debug|Any CPU
		{3F0662CA-C548-49EB-8668-68FB061685CA}.Debug|x64.ActiveCfg = Debug|Any CPU
		{3F0662CA-C548-49EB-8668-68FB061685CA}.Debug|x64.Build.0 = Debug|Any CPU
		{3F0662CA-C548-49EB-8668-68FB061685CA}.Debug|x86.ActiveCfg = Debug|Any CPU
		{3F0662CA-C548-49EB-8668-68FB061685CA}.Debug|x86.Build.0 = Debug|Any CPU
		{3F0662CA-C548-49EB-8668-68FB061685CA}.Release|Any CPU.ActiveCfg = Release|Any CPU
		{3F0662CA-C548-49EB-8668-68FB061685CA}.Release|Any CPU.Build.0 = Release|Any CPU
		{3F0662CA-C548-49EB-8668-68FB061685CA}.Release|x64.ActiveCfg = Release|Any CPU
		{3F0662CA-C548-49EB-8668-68FB061685CA}.Release|x64.Build.0 = Release|Any CPU
		{3F0662CA-C548-49EB-8668-68FB061685CA}.Release|x86.ActiveCfg = Release|Any CPU
		{3F0662CA-C548-49EB-8668-68FB061685CA}.Release|x86.Build.0 = Release|Any CPU
		{B8ACB12B-FD76-42BE-842D-1D6ADCD5FECD}.Debug|Any CPU.ActiveCfg = Debug|Any CPU
		{B8ACB12B-FD76-42BE-842D-1D6ADCD5FECD}.Debug|Any CPU.Build.0 = Debug|Any CPU
		{B8ACB12B-FD76-42BE-842D-1D6ADCD5FECD}.Debug|x64.ActiveCfg = Debug|Any CPU
		{B8ACB12B-FD76-42BE-842D-1D6ADCD5FECD}.Debug|x64.Build.0 = Debug|Any CPU
		{B8ACB12B-FD76-42BE-842D-1D6ADCD5FECD}.Debug|x86.ActiveCfg = Debug|Any CPU
		{B8ACB12B-FD76-42BE-842D-1D6ADCD5FECD}.Debug|x86.Build.0 = Debug|Any CPU
		{B8ACB12B-FD76-42BE-842D-1D6ADCD5FECD}.Release|Any CPU.ActiveCfg = Release|Any CPU
		{B8ACB12B-FD76-42BE-842D-1D6ADCD5FECD}.Release|Any CPU.Build.0 = Release|Any CPU
		{B8ACB12B-FD76-42BE-842D-1D6ADCD5FECD}.Release|x64.ActiveCfg = Release|Any CPU
		{B8ACB12B-FD76-42BE-842D-1D6ADCD5FECD}.Release|x64.Build.0 = Release|Any CPU
		{B8ACB12B-FD76-42BE-842D-1D6ADCD5FECD}.Release|x86.ActiveCfg = Release|Any CPU
		{B8ACB12B-FD76-42BE-842D-1D6ADCD5FECD}.Release|x86.Build.0 = Release|Any CPU
		{60512823-49BB-4009-8B05-EB874AAB24EB}.Debug|Any CPU.ActiveCfg = Debug|Any CPU
		{60512823-49BB-4009-8B05-EB874AAB24EB}.Debug|Any CPU.Build.0 = Debug|Any CPU
		{60512823-49BB-4009-8B05-EB874AAB24EB}.Debug|x64.ActiveCfg = Debug|Any CPU
		{60512823-49BB-4009-8B05-EB874AAB24EB}.Debug|x64.Build.0 = Debug|Any CPU
		{60512823-49BB-4009-8B05-EB874AAB24EB}.Debug|x86.ActiveCfg = Debug|Any CPU
		{60512823-49BB-4009-8B05-EB874AAB24EB}.Debug|x86.Build.0 = Debug|Any CPU
		{60512823-49BB-4009-8B05-EB874AAB24EB}.Release|Any CPU.ActiveCfg = Release|Any CPU
		{60512823-49BB-4009-8B05-EB874AAB24EB}.Release|Any CPU.Build.0 = Release|Any CPU
		{60512823-49BB-4009-8B05-EB874AAB24EB}.Release|x64.ActiveCfg = Release|Any CPU
		{60512823-49BB-4009-8B05-EB874AAB24EB}.Release|x64.Build.0 = Release|Any CPU
		{60512823-49BB-4009-8B05-EB874AAB24EB}.Release|x86.ActiveCfg = Release|Any CPU
		{60512823-49BB-4009-8B05-EB874AAB24EB}.Release|x86.Build.0 = Release|Any CPU
		{4BD509D5-560B-4652-B8B1-58F8A1DF125B}.Debug|Any CPU.ActiveCfg = Debug|Any CPU
		{4BD509D5-560B-4652-B8B1-58F8A1DF125B}.Debug|Any CPU.Build.0 = Debug|Any CPU
		{4BD509D5-560B-4652-B8B1-58F8A1DF125B}.Debug|x64.ActiveCfg = Debug|Any CPU
		{4BD509D5-560B-4652-B8B1-58F8A1DF125B}.Debug|x64.Build.0 = Debug|Any CPU
		{4BD509D5-560B-4652-B8B1-58F8A1DF125B}.Debug|x86.ActiveCfg = Debug|Any CPU
		{4BD509D5-560B-4652-B8B1-58F8A1DF125B}.Debug|x86.Build.0 = Debug|Any CPU
		{4BD509D5-560B-4652-B8B1-58F8A1DF125B}.Release|Any CPU.ActiveCfg = Release|Any CPU
		{4BD509D5-560B-4652-B8B1-58F8A1DF125B}.Release|Any CPU.Build.0 = Release|Any CPU
		{4BD509D5-560B-4652-B8B1-58F8A1DF125B}.Release|x64.ActiveCfg = Release|Any CPU
		{4BD509D5-560B-4652-B8B1-58F8A1DF125B}.Release|x64.Build.0 = Release|Any CPU
		{4BD509D5-560B-4652-B8B1-58F8A1DF125B}.Release|x86.ActiveCfg = Release|Any CPU
		{4BD509D5-560B-4652-B8B1-58F8A1DF125B}.Release|x86.Build.0 = Release|Any CPU
		{B8FD5F64-8FCD-400E-8AF7-B1048AD22C8A}.Debug|Any CPU.ActiveCfg = Debug|Any CPU
		{B8FD5F64-8FCD-400E-8AF7-B1048AD22C8A}.Debug|Any CPU.Build.0 = Debug|Any CPU
		{B8FD5F64-8FCD-400E-8AF7-B1048AD22C8A}.Debug|x64.ActiveCfg = Debug|Any CPU
		{B8FD5F64-8FCD-400E-8AF7-B1048AD22C8A}.Debug|x64.Build.0 = Debug|Any CPU
		{B8FD5F64-8FCD-400E-8AF7-B1048AD22C8A}.Debug|x86.ActiveCfg = Debug|Any CPU
		{B8FD5F64-8FCD-400E-8AF7-B1048AD22C8A}.Debug|x86.Build.0 = Debug|Any CPU
		{B8FD5F64-8FCD-400E-8AF7-B1048AD22C8A}.Release|Any CPU.ActiveCfg = Release|Any CPU
		{B8FD5F64-8FCD-400E-8AF7-B1048AD22C8A}.Release|Any CPU.Build.0 = Release|Any CPU
		{B8FD5F64-8FCD-400E-8AF7-B1048AD22C8A}.Release|x64.ActiveCfg = Release|Any CPU
		{B8FD5F64-8FCD-400E-8AF7-B1048AD22C8A}.Release|x64.Build.0 = Release|Any CPU
		{B8FD5F64-8FCD-400E-8AF7-B1048AD22C8A}.Release|x86.ActiveCfg = Release|Any CPU
		{B8FD5F64-8FCD-400E-8AF7-B1048AD22C8A}.Release|x86.Build.0 = Release|Any CPU
		{68D10318-41FB-48A7-BDCC-B1B6808A3E0B}.Debug|Any CPU.ActiveCfg = Debug|Any CPU
		{68D10318-41FB-48A7-BDCC-B1B6808A3E0B}.Debug|Any CPU.Build.0 = Debug|Any CPU
		{68D10318-41FB-48A7-BDCC-B1B6808A3E0B}.Debug|x64.ActiveCfg = Debug|Any CPU
		{68D10318-41FB-48A7-BDCC-B1B6808A3E0B}.Debug|x64.Build.0 = Debug|Any CPU
		{68D10318-41FB-48A7-BDCC-B1B6808A3E0B}.Debug|x86.ActiveCfg = Debug|Any CPU
		{68D10318-41FB-48A7-BDCC-B1B6808A3E0B}.Debug|x86.Build.0 = Debug|Any CPU
		{68D10318-41FB-48A7-BDCC-B1B6808A3E0B}.Release|Any CPU.ActiveCfg = Release|Any CPU
		{68D10318-41FB-48A7-BDCC-B1B6808A3E0B}.Release|Any CPU.Build.0 = Release|Any CPU
		{68D10318-41FB-48A7-BDCC-B1B6808A3E0B}.Release|x64.ActiveCfg = Release|Any CPU
		{68D10318-41FB-48A7-BDCC-B1B6808A3E0B}.Release|x64.Build.0 = Release|Any CPU
		{68D10318-41FB-48A7-BDCC-B1B6808A3E0B}.Release|x86.ActiveCfg = Release|Any CPU
		{68D10318-41FB-48A7-BDCC-B1B6808A3E0B}.Release|x86.Build.0 = Release|Any CPU
		{15CD30AB-7394-4D6A-B690-80EEBCD1F471}.Debug|Any CPU.ActiveCfg = Debug|Any CPU
		{15CD30AB-7394-4D6A-B690-80EEBCD1F471}.Debug|Any CPU.Build.0 = Debug|Any CPU
		{15CD30AB-7394-4D6A-B690-80EEBCD1F471}.Debug|x64.ActiveCfg = Debug|Any CPU
		{15CD30AB-7394-4D6A-B690-80EEBCD1F471}.Debug|x64.Build.0 = Debug|Any CPU
		{15CD30AB-7394-4D6A-B690-80EEBCD1F471}.Debug|x86.ActiveCfg = Debug|Any CPU
		{15CD30AB-7394-4D6A-B690-80EEBCD1F471}.Debug|x86.Build.0 = Debug|Any CPU
		{15CD30AB-7394-4D6A-B690-80EEBCD1F471}.Release|Any CPU.ActiveCfg = Release|Any CPU
		{15CD30AB-7394-4D6A-B690-80EEBCD1F471}.Release|Any CPU.Build.0 = Release|Any CPU
		{15CD30AB-7394-4D6A-B690-80EEBCD1F471}.Release|x64.ActiveCfg = Release|Any CPU
		{15CD30AB-7394-4D6A-B690-80EEBCD1F471}.Release|x64.Build.0 = Release|Any CPU
		{15CD30AB-7394-4D6A-B690-80EEBCD1F471}.Release|x86.ActiveCfg = Release|Any CPU
		{15CD30AB-7394-4D6A-B690-80EEBCD1F471}.Release|x86.Build.0 = Release|Any CPU
		{0C9C442D-0855-41D8-8E9B-31C15DA7C4B7}.Debug|Any CPU.ActiveCfg = Debug|Any CPU
		{0C9C442D-0855-41D8-8E9B-31C15DA7C4B7}.Debug|Any CPU.Build.0 = Debug|Any CPU
		{0C9C442D-0855-41D8-8E9B-31C15DA7C4B7}.Debug|x64.ActiveCfg = Debug|Any CPU
		{0C9C442D-0855-41D8-8E9B-31C15DA7C4B7}.Debug|x64.Build.0 = Debug|Any CPU
		{0C9C442D-0855-41D8-8E9B-31C15DA7C4B7}.Debug|x86.ActiveCfg = Debug|Any CPU
		{0C9C442D-0855-41D8-8E9B-31C15DA7C4B7}.Debug|x86.Build.0 = Debug|Any CPU
		{0C9C442D-0855-41D8-8E9B-31C15DA7C4B7}.Release|Any CPU.ActiveCfg = Release|Any CPU
		{0C9C442D-0855-41D8-8E9B-31C15DA7C4B7}.Release|Any CPU.Build.0 = Release|Any CPU
		{0C9C442D-0855-41D8-8E9B-31C15DA7C4B7}.Release|x64.ActiveCfg = Release|Any CPU
		{0C9C442D-0855-41D8-8E9B-31C15DA7C4B7}.Release|x64.Build.0 = Release|Any CPU
		{0C9C442D-0855-41D8-8E9B-31C15DA7C4B7}.Release|x86.ActiveCfg = Release|Any CPU
		{0C9C442D-0855-41D8-8E9B-31C15DA7C4B7}.Release|x86.Build.0 = Release|Any CPU
		{62B363EE-6DB2-405B-85AF-DBED02AB99F1}.Debug|Any CPU.ActiveCfg = Debug|Any CPU
		{62B363EE-6DB2-405B-85AF-DBED02AB99F1}.Debug|Any CPU.Build.0 = Debug|Any CPU
		{62B363EE-6DB2-405B-85AF-DBED02AB99F1}.Debug|x64.ActiveCfg = Debug|Any CPU
		{62B363EE-6DB2-405B-85AF-DBED02AB99F1}.Debug|x64.Build.0 = Debug|Any CPU
		{62B363EE-6DB2-405B-85AF-DBED02AB99F1}.Debug|x86.ActiveCfg = Debug|Any CPU
		{62B363EE-6DB2-405B-85AF-DBED02AB99F1}.Debug|x86.Build.0 = Debug|Any CPU
		{62B363EE-6DB2-405B-85AF-DBED02AB99F1}.Release|Any CPU.ActiveCfg = Release|Any CPU
		{62B363EE-6DB2-405B-85AF-DBED02AB99F1}.Release|Any CPU.Build.0 = Release|Any CPU
		{62B363EE-6DB2-405B-85AF-DBED02AB99F1}.Release|x64.ActiveCfg = Release|Any CPU
		{62B363EE-6DB2-405B-85AF-DBED02AB99F1}.Release|x64.Build.0 = Release|Any CPU
		{62B363EE-6DB2-405B-85AF-DBED02AB99F1}.Release|x86.ActiveCfg = Release|Any CPU
		{62B363EE-6DB2-405B-85AF-DBED02AB99F1}.Release|x86.Build.0 = Release|Any CPU
		{F73A086E-6190-4BF2-A868-A33C40ED1817}.Debug|Any CPU.ActiveCfg = Debug|Any CPU
		{F73A086E-6190-4BF2-A868-A33C40ED1817}.Debug|Any CPU.Build.0 = Debug|Any CPU
		{F73A086E-6190-4BF2-A868-A33C40ED1817}.Debug|x64.ActiveCfg = Debug|Any CPU
		{F73A086E-6190-4BF2-A868-A33C40ED1817}.Debug|x64.Build.0 = Debug|Any CPU
		{F73A086E-6190-4BF2-A868-A33C40ED1817}.Debug|x86.ActiveCfg = Debug|Any CPU
		{F73A086E-6190-4BF2-A868-A33C40ED1817}.Debug|x86.Build.0 = Debug|Any CPU
		{F73A086E-6190-4BF2-A868-A33C40ED1817}.Release|Any CPU.ActiveCfg = Release|Any CPU
		{F73A086E-6190-4BF2-A868-A33C40ED1817}.Release|Any CPU.Build.0 = Release|Any CPU
		{F73A086E-6190-4BF2-A868-A33C40ED1817}.Release|x64.ActiveCfg = Release|Any CPU
		{F73A086E-6190-4BF2-A868-A33C40ED1817}.Release|x64.Build.0 = Release|Any CPU
		{F73A086E-6190-4BF2-A868-A33C40ED1817}.Release|x86.ActiveCfg = Release|Any CPU
		{F73A086E-6190-4BF2-A868-A33C40ED1817}.Release|x86.Build.0 = Release|Any CPU
		{0CA9FF14-91A1-49C9-9E6B-B34C0138F261}.Debug|Any CPU.ActiveCfg = Debug|Any CPU
		{0CA9FF14-91A1-49C9-9E6B-B34C0138F261}.Debug|Any CPU.Build.0 = Debug|Any CPU
		{0CA9FF14-91A1-49C9-9E6B-B34C0138F261}.Debug|x64.ActiveCfg = Debug|Any CPU
		{0CA9FF14-91A1-49C9-9E6B-B34C0138F261}.Debug|x64.Build.0 = Debug|Any CPU
		{0CA9FF14-91A1-49C9-9E6B-B34C0138F261}.Debug|x86.ActiveCfg = Debug|Any CPU
		{0CA9FF14-91A1-49C9-9E6B-B34C0138F261}.Debug|x86.Build.0 = Debug|Any CPU
		{0CA9FF14-91A1-49C9-9E6B-B34C0138F261}.Release|Any CPU.ActiveCfg = Release|Any CPU
		{0CA9FF14-91A1-49C9-9E6B-B34C0138F261}.Release|Any CPU.Build.0 = Release|Any CPU
		{0CA9FF14-91A1-49C9-9E6B-B34C0138F261}.Release|x64.ActiveCfg = Release|Any CPU
		{0CA9FF14-91A1-49C9-9E6B-B34C0138F261}.Release|x64.Build.0 = Release|Any CPU
		{0CA9FF14-91A1-49C9-9E6B-B34C0138F261}.Release|x86.ActiveCfg = Release|Any CPU
		{0CA9FF14-91A1-49C9-9E6B-B34C0138F261}.Release|x86.Build.0 = Release|Any CPU
		{3F81A989-7C7D-4AF7-8CC2-E39E7DECC562}.Debug|Any CPU.ActiveCfg = Debug|Any CPU
		{3F81A989-7C7D-4AF7-8CC2-E39E7DECC562}.Debug|Any CPU.Build.0 = Debug|Any CPU
		{3F81A989-7C7D-4AF7-8CC2-E39E7DECC562}.Debug|x64.ActiveCfg = Debug|Any CPU
		{3F81A989-7C7D-4AF7-8CC2-E39E7DECC562}.Debug|x64.Build.0 = Debug|Any CPU
		{3F81A989-7C7D-4AF7-8CC2-E39E7DECC562}.Debug|x86.ActiveCfg = Debug|Any CPU
		{3F81A989-7C7D-4AF7-8CC2-E39E7DECC562}.Debug|x86.Build.0 = Debug|Any CPU
		{3F81A989-7C7D-4AF7-8CC2-E39E7DECC562}.Release|Any CPU.ActiveCfg = Release|Any CPU
		{3F81A989-7C7D-4AF7-8CC2-E39E7DECC562}.Release|Any CPU.Build.0 = Release|Any CPU
		{3F81A989-7C7D-4AF7-8CC2-E39E7DECC562}.Release|x64.ActiveCfg = Release|Any CPU
		{3F81A989-7C7D-4AF7-8CC2-E39E7DECC562}.Release|x64.Build.0 = Release|Any CPU
		{3F81A989-7C7D-4AF7-8CC2-E39E7DECC562}.Release|x86.ActiveCfg = Release|Any CPU
		{3F81A989-7C7D-4AF7-8CC2-E39E7DECC562}.Release|x86.Build.0 = Release|Any CPU
		{6E3FCEB0-646F-4EC0-9FC7-34353395BA18}.Debug|Any CPU.ActiveCfg = Debug|Any CPU
		{6E3FCEB0-646F-4EC0-9FC7-34353395BA18}.Debug|Any CPU.Build.0 = Debug|Any CPU
		{6E3FCEB0-646F-4EC0-9FC7-34353395BA18}.Debug|x64.ActiveCfg = Debug|Any CPU
		{6E3FCEB0-646F-4EC0-9FC7-34353395BA18}.Debug|x64.Build.0 = Debug|Any CPU
		{6E3FCEB0-646F-4EC0-9FC7-34353395BA18}.Debug|x86.ActiveCfg = Debug|Any CPU
		{6E3FCEB0-646F-4EC0-9FC7-34353395BA18}.Debug|x86.Build.0 = Debug|Any CPU
		{6E3FCEB0-646F-4EC0-9FC7-34353395BA18}.Release|Any CPU.ActiveCfg = Release|Any CPU
		{6E3FCEB0-646F-4EC0-9FC7-34353395BA18}.Release|Any CPU.Build.0 = Release|Any CPU
		{6E3FCEB0-646F-4EC0-9FC7-34353395BA18}.Release|x64.ActiveCfg = Release|Any CPU
		{6E3FCEB0-646F-4EC0-9FC7-34353395BA18}.Release|x64.Build.0 = Release|Any CPU
		{6E3FCEB0-646F-4EC0-9FC7-34353395BA18}.Release|x86.ActiveCfg = Release|Any CPU
		{6E3FCEB0-646F-4EC0-9FC7-34353395BA18}.Release|x86.Build.0 = Release|Any CPU
		{9D2754D1-282C-4C8A-8B28-4A73BBFAEA6D}.Debug|Any CPU.ActiveCfg = Debug|Any CPU
		{9D2754D1-282C-4C8A-8B28-4A73BBFAEA6D}.Debug|Any CPU.Build.0 = Debug|Any CPU
		{9D2754D1-282C-4C8A-8B28-4A73BBFAEA6D}.Debug|x64.ActiveCfg = Debug|Any CPU
		{9D2754D1-282C-4C8A-8B28-4A73BBFAEA6D}.Debug|x64.Build.0 = Debug|Any CPU
		{9D2754D1-282C-4C8A-8B28-4A73BBFAEA6D}.Debug|x86.ActiveCfg = Debug|Any CPU
		{9D2754D1-282C-4C8A-8B28-4A73BBFAEA6D}.Debug|x86.Build.0 = Debug|Any CPU
		{9D2754D1-282C-4C8A-8B28-4A73BBFAEA6D}.Release|Any CPU.ActiveCfg = Release|Any CPU
		{9D2754D1-282C-4C8A-8B28-4A73BBFAEA6D}.Release|Any CPU.Build.0 = Release|Any CPU
		{9D2754D1-282C-4C8A-8B28-4A73BBFAEA6D}.Release|x64.ActiveCfg = Release|Any CPU
		{9D2754D1-282C-4C8A-8B28-4A73BBFAEA6D}.Release|x64.Build.0 = Release|Any CPU
		{9D2754D1-282C-4C8A-8B28-4A73BBFAEA6D}.Release|x86.ActiveCfg = Release|Any CPU
		{9D2754D1-282C-4C8A-8B28-4A73BBFAEA6D}.Release|x86.Build.0 = Release|Any CPU
	EndGlobalSection
	GlobalSection(SolutionProperties) = preSolution
		HideSolutionNode = FALSE
	EndGlobalSection
	GlobalSection(NestedProjects) = preSolution
		{3F0662CA-C548-49EB-8668-68FB061685CA} = {1B248AFD-69BC-4290-BB94-F63EA4A49513}
		{B8ACB12B-FD76-42BE-842D-1D6ADCD5FECD} = {1B248AFD-69BC-4290-BB94-F63EA4A49513}
		{60512823-49BB-4009-8B05-EB874AAB24EB} = {E5F8272E-49FD-485D-BEB1-91DCA7E661FE}
		{4BD509D5-560B-4652-B8B1-58F8A1DF125B} = {E5F8272E-49FD-485D-BEB1-91DCA7E661FE}
		{B8FD5F64-8FCD-400E-8AF7-B1048AD22C8A} = {5EDA50CA-C3D6-4320-AD14-56243B7058C2}
		{68D10318-41FB-48A7-BDCC-B1B6808A3E0B} = {5EDA50CA-C3D6-4320-AD14-56243B7058C2}
		{15CD30AB-7394-4D6A-B690-80EEBCD1F471} = {E5F8272E-49FD-485D-BEB1-91DCA7E661FE}
		{0C9C442D-0855-41D8-8E9B-31C15DA7C4B7} = {5EDA50CA-C3D6-4320-AD14-56243B7058C2}
		{62B363EE-6DB2-405B-85AF-DBED02AB99F1} = {E5F8272E-49FD-485D-BEB1-91DCA7E661FE}
		{F73A086E-6190-4BF2-A868-A33C40ED1817} = {1B248AFD-69BC-4290-BB94-F63EA4A49513}
		{0CA9FF14-91A1-49C9-9E6B-B34C0138F261} = {E5F8272E-49FD-485D-BEB1-91DCA7E661FE}
		{3F81A989-7C7D-4AF7-8CC2-E39E7DECC562} = {E5F8272E-49FD-485D-BEB1-91DCA7E661FE}
		{124E188B-D8F4-4172-896F-6B50467B7ECE} = {1B248AFD-69BC-4290-BB94-F63EA4A49513}
		{6E3FCEB0-646F-4EC0-9FC7-34353395BA18} = {124E188B-D8F4-4172-896F-6B50467B7ECE}
		{E5F8272E-49FD-485D-BEB1-91DCA7E661FE} = {1B248AFD-69BC-4290-BB94-F63EA4A49513}
		{9D2754D1-282C-4C8A-8B28-4A73BBFAEA6D} = {E5F8272E-49FD-485D-BEB1-91DCA7E661FE}
	EndGlobalSection
	GlobalSection(ExtensibilityGlobals) = postSolution
		SolutionGuid = {0371E56C-FE2E-44B5-B4F3-21B72D3612F4}
	EndGlobalSection
EndGlobal
